
Microsoft Visual Studio Solution File, Format Version 12.00
# Visual Studio Version 16
VisualStudioVersion = 16.0.30011.22
MinimumVisualStudioVersion = 10.0.40219.1
Project("{FAE04EC0-301F-11D3-BF4B-00C04F79EFBC}") = "CSharpAdventure", "CSharpAdventure\CSharpAdventure.csproj", "{136566EF-724C-4266-A04F-A81E997AE06E}"
EndProject
Global
	GlobalSection(SolutionConfigurationPlatforms) = preSolution
		Debug|Any CPU = Debug|Any CPU
		Release|Any CPU = Release|Any CPU
	EndGlobalSection
	GlobalSection(ProjectConfigurationPlatforms) = postSolution
		{136566EF-724C-4266-A04F-A81E997AE06E}.Debug|Any CPU.ActiveCfg = Debug|Any CPU
		{136566EF-724C-4266-A04F-A81E997AE06E}.Debug|Any CPU.Build.0 = Debug|Any CPU
		{136566EF-724C-4266-A04F-A81E997AE06E}.Release|Any CPU.ActiveCfg = Release|Any CPU
		{136566EF-724C-4266-A04F-A81E997AE06E}.Release|Any CPU.Build.0 = Release|Any CPU
	EndGlobalSection
	GlobalSection(SolutionProperties) = preSolution
		HideSolutionNode = FALSE
	EndGlobalSection
	GlobalSection(ExtensibilityGlobals) = postSolution
		SolutionGuid = {90195F01-8353-4F0B-A9AF-D15A7A0995A1}
	EndGlobalSection
EndGlobal
